{
  "name": "AppSpeechWeb",
  "lockfileVersion": 3,
  "requires": true,
  "packages": {
    "": {
      "dependencies": {
        "annyang": "^2.6.1"
      },
      "devDependencies": {
        "@types/annyang": "^2.6.5"
      }
    },
    "node_modules/@types/annyang": {
      "version": "2.6.5",
      "resolved": "https://registry.npmjs.org/@types/annyang/-/annyang-2.6.5.tgz",
      "integrity": "sha512-EqO6aS1ihvX0DfiVCiEE7FZ86yxVEZJ6yVHmlmGLO3yrThseR45Up+eXPQfGCNWQxmPEzPeBohpVhij5lrEk6g==",
      "dev": true
    },
    "node_modules/annyang": {
      "version": "2.6.1",
      "resolved": "https://registry.npmjs.org/annyang/-/annyang-2.6.1.tgz",
      "integrity": "sha512-KfO6FVFmE7H7epXgAWRoGITShVqsDs6zLKuTxDiJHZmAVnpKeUAKiMUIr7hDXbNUOqRIB3RVTQQd/Yaf4ULauw=="
    }
  }
}
